
Microsoft Visual Studio Solution File, Format Version 12.00
# Visual Studio Version 16
VisualStudioVersion = 16.0.29613.14
MinimumVisualStudioVersion = 10.0.40219.1
Project("{8BC9CEB8-8B4A-11D0-8D11-00A0C91BC942}") = "avl", "avl.vcxproj", "{53140C8D-E7E5-4DE8-8F96-F49190BAF057}"
EndProject
Global
	GlobalSection(SolutionConfigurationPlatforms) = preSolution
		Debug|x64 = Debug|x64
		Debug|x86 = Debug|x86
		Release|x64 = Release|x64
		Release|x86 = Release|x86
	EndGlobalSection
	GlobalSection(ProjectConfigurationPlatforms) = postSolution
		{53140C8D-E7E5-4DE8-8F96-F49190BAF057}.Debug|x64.ActiveCfg = Debug|x64
		{53140C8D-E7E5-4DE8-8F96-F49190BAF057}.Debug|x64.Build.0 = Debug|x64
		{53140C8D-E7E5-4DE8-8F96-F49190BAF057}.Debug|x86.ActiveCfg = Debug|Win32
		{53140C8D-E7E5-4DE8-8F96-F49190BAF057}.Debug|x86.Build.0 = Debug|Win32
		{53140C8D-E7E5-4DE8-8F96-F49190BAF057}.Release|x64.ActiveCfg = Release|x64
		{53140C8D-E7E5-4DE8-8F96-F49190BAF057}.Release|x64.Build.0 = Release|x64
		{53140C8D-E7E5-4DE8-8F96-F49190BAF057}.Release|x86.ActiveCfg = Release|Win32
		{53140C8D-E7E5-4DE8-8F96-F49190BAF057}.Release|x86.Build.0 = Release|Win32
	EndGlobalSection
	GlobalSection(SolutionProperties) = preSolution
		HideSolutionNode = FALSE
	EndGlobalSection
	GlobalSection(ExtensibilityGlobals) = postSolution
		SolutionGuid = {14D22D22-A171-4BB7-A0C7-0303DEA4C8F7}
	EndGlobalSection
EndGlobal
